{
    "_readme": [
        "This file locks the dependencies of your project to a known state",
        "Read more about it at https://getcomposer.org/doc/01-basic-usage.md#installing-dependencies",
        "This file is @generated automatically"
    ],
    "content-hash": "a04887ac46625fa2c081ac4c0e5e3ab2",
    "packages": [
        {
            "name": "anlutro/l4-settings",
            "version": "v0.11.0",
            "source": {
                "type": "git",
                "url": "https://github.com/anlutro/laravel-settings.git",
                "reference": "b4df92f07581ad31fdffa2ebee17029b0767124a"
            },
            "dist": {
                "type": "zip",
                "url": "https://api.github.com/repos/anlutro/laravel-settings/zipball/b4df92f07581ad31fdffa2ebee17029b0767124a",
                "reference": "b4df92f07581ad31fdffa2ebee17029b0767124a",
                "shasum": ""
            },
            "require": {
                "illuminate/cache": ">=4.1 <8.0",
                "illuminate/support": ">=4.1 <8.0",
                "laravel/helpers": ">=1.0.0",
                "php": ">=5.4.0"
            },
            "require-dev": {
                "laravel/framework": ">=4.1",
                "mockery/mockery": "^1.2",
                "phpunit/phpunit": "^8.0"
            },
            "suggest": {
                "illuminate/database": "Save settings to a database table.",
                "illuminate/filesystem": "Save settings to a JSON file."
            },
            "type": "library",
            "extra": {
                "laravel": {
                    "aliases": {
                        "Setting": "anlutro\\LaravelSettings\\Facade"
                    },
                    "providers": [
                        "anlutro\\LaravelSettings\\ServiceProvider"
                    ]
                }
            },
            "autoload": {
                "files": [
                    "src/helpers.php"
                ],
                "psr-4": {
                    "anlutro\\LaravelSettings\\": "src/"
                }
            },
            "notification-url": "https://packagist.org/downloads/",
            "license": [
                "MIT"
            ],
            "authors": [
                {
                    "name": "Andreas Lutro",
                    "email": "anlutro@gmail.com"
                }
            ],
            "description": "Persistent settings in Laravel.",
            "time": "2020-03-05T14:56:48+00:00"
        },
        {
            "name": "binarycabin/laravel-uuid",
            "version": "1.0.2",
            "source": {
                "type": "git",
                "url": "https://github.com/binarycabin/laravel-uuid.git",
                "reference": "0d1d0179fa3873f089d62065dccbd5eb123c3b77"
            },
            "dist": {
                "type": "zip",
                "url": "https://api.github.com/repos/binarycabin/laravel-uuid/zipball/0d1d0179fa3873f089d62065dccbd5eb123c3b77",
                "reference": "0d1d0179fa3873f089d62065dccbd5eb123c3b77",
                "shasum": ""
            },
            "require": {
                "webpatser/laravel-uuid": "2.*"
            },
            "require-dev": {
                "phpunit/phpunit": ">5.0"
            },
            "type": "library",
            "autoload": {
                "psr-4": {
                    "BinaryCabin\\LaravelUUID\\": "src/"
                }
            },
            "notification-url": "https://packagist.org/downloads/",
            "license": [
                "MIT"
            ],
            "authors": [
                {
                    "name": "Jeff Kilroy",
                    "email": "jeff@binarycabin.com"
                }
            ],
            "description": "A wrapper for webpatser/laravel-uuid with additional integration",
            "keywords": [
                "laravel"
            ],
            "time": "2019-03-08T03:06:27+00:00"
        },
        {
            "name": "cartalyst/sentinel",
            "version": "v2.0.18",
    